
Microsoft Visual Studio Solution File, Format Version 12.00
# Visual Studio Version 17
VisualStudioVersion = 17.7.34031.279
MinimumVisualStudioVersion = 10.0.40219.1
Project("{FAE04EC0-301F-11D3-BF4B-00C04F79EFBC}") = "GS_Sample", "GS_Sample\GS_Sample.csproj", "{380DB668-B640-48B9-BEC3-0ACF2AA00AED}"
EndProject
Global
	GlobalSection(SolutionConfigurationPlatforms) = preSolution
		Debug|Any CPU = Debug|Any CPU
		Release|Any CPU = Release|Any CPU
	EndGlobalSection
	GlobalSection(ProjectConfigurationPlatforms) = postSolution
		{380DB668-B640-48B9-BEC3-0ACF2AA00AED}.Debug|Any CPU.ActiveCfg = Debug|Any CPU
		{380DB668-B640-48B9-BEC3-0ACF2AA00AED}.Debug|Any CPU.Build.0 = Debug|Any CPU
		{380DB668-B640-48B9-BEC3-0ACF2AA00AED}.Release|Any CPU.ActiveCfg = Release|Any CPU
		{380DB668-B640-48B9-BEC3-0ACF2AA00AED}.Release|Any CPU.Build.0 = Release|Any CPU
	EndGlobalSection
	GlobalSection(SolutionProperties) = preSolution
		HideSolutionNode = FALSE
	EndGlobalSection
	GlobalSection(ExtensibilityGlobals) = postSolution
		SolutionGuid = {0954F70B-B427-45D0-8A66-BFA8ECD0E26B}
	EndGlobalSection
EndGlobal
